// !$*UTF8*$!
{
	archiveVersion = 1;
	classes = {
	};
	objectVersion = 46;
	objects = {

/* Begin PBXBuildFile section */
		041AA4AB1E8D417700050CC7 /* AppDelegate.swift in Sources */ = {isa = PBXBuildFile; fileRef = 041AA4AA1E8D417700050CC7 /* AppDelegate.swift */; };
		041AA4AD1E8D417700050CC7 /* ProfileVC.swift in Sources */ = {isa = PBXBuildFile; fileRef = 041AA4AC1E8D417700050CC7 /* ProfileVC.swift */; };
		041AA4B01E8D417700050CC7 /* Main.storyboard in Resources */ = {isa = PBXBuildFile; fileRef = 041AA4AE1E8D417700050CC7 /* Main.storyboard */; };
		041AA4B31E8D417700050CC7 /* SliddingIssue.xcdatamodeld in Sources */ = {isa = PBXBuildFile; fileRef = 041AA4B11E8D417700050CC7 /* SliddingIssue.xcdatamodeld */; };
		041AA4B51E8D417700050CC7 /* Assets.xcassets in Resources */ = {isa = PBXBuildFile; fileRef = 041AA4B41E8D417700050CC7 /* Assets.xcassets */; };
		041AA4B81E8D417700050CC7 /* LaunchScreen.storyboard in Resources */ = {isa = PBXBuildFile; fileRef = 041AA4B61E8D417700050CC7 /* LaunchScreen.storyboard */; };
		041AA4C11E8D432100050CC7 /* ProfileExtenstion.swift in Sources */ = {isa = PBXBuildFile; fileRef = 041AA4C01E8D432100050CC7 /* ProfileExtenstion.swift */; };
		041AA4C51E8D441B00050CC7 /* OnTopHeaderView.swift in Sources */ = {isa = PBXBuildFile; fileRef = 041AA4C31E8D441B00050CC7 /* OnTopHeaderView.swift */; };
		041AA4C61E8D441B00050CC7 /* OnTopHeaderView.xib in Resources */ = {isa = PBXBuildFile; fileRef = 041AA4C41E8D441B00050CC7 /* OnTopHeaderView.xib */; };
		041AA4C91E8D44B800050CC7 /* ProfileDetailsCell.swift in Sources */ = {isa = PBXBuildFile; fileRef = 041AA4C71E8D44B800050CC7 /* ProfileDetailsCell.swift */; };
		041AA4CA1E8D44B800050CC7 /* ProfileDetailsCell.xib in Resources */ = {isa = PBXBuildFile; fileRef = 041AA4C81E8D44B800050CC7 /* ProfileDetailsCell.xib */; };
		041AA4CD1E8D44F200050CC7 /* ContactCell.swift in Sources */ = {isa = PBXBuildFile; fileRef = 041AA4CB1E8D44F200050CC7 /* ContactCell.swift */; };
		041AA4CE1E8D44F200050CC7 /* ContactCell.xib in Resources */ = {isa = PBXBuildFile; fileRef = 041AA4CC1E8D44F200050CC7 /* ContactCell.xib */; };
		041AA4D11E8D456800050CC7 /* ListingMenuCell.swift in Sources */ = {isa = PBXBuildFile; fileRef = 041AA4CF1E8D456800050CC7 /* ListingMenuCell.swift */; };
		041AA4D21E8D456800050CC7 /* ListingMenuCell.xib in Resources */ = {isa = PBXBuildFile; fileRef = 041AA4D01E8D456800050CC7 /* ListingMenuCell.xib */; };
		041AA4D51E8D459200050CC7 /* ProfileMenuCell.swift in Sources */ = {isa = PBXBuildFile; fileRef = 041AA4D31E8D459200050CC7 /* ProfileMenuCell.swift */; };
		041AA4D61E8D459200050CC7 /* ProfileMenuCell.xib in Resources */ = {isa = PBXBuildFile; fileRef = 041AA4D41E8D459200050CC7 /* ProfileMenuCell.xib */; };
		041AA4D91E8D45E400050CC7 /* ProfileItemsCell.swift in Sources */ = {isa = PBXBuildFile; fileRef = 041AA4D71E8D45E400050CC7 /* ProfileItemsCell.swift */; };
		041AA4DA1E8D45E400050CC7 /* ProfileItemsCell.xib in Resources */ = {isa = PBXBuildFile; fileRef = 041AA4D81E8D45E400050CC7 /* ProfileItemsCell.xib */; };
		041AA4DC1E8D464100050CC7 /* BaseCell.swift in Sources */ = {isa = PBXBuildFile; fileRef = 041AA4DB1E8D464100050CC7 /* BaseCell.swift */; };
		041AA4DE1E8D46B800050CC7 /* Helpers.swift in Sources */ = {isa = PBXBuildFile; fileRef = 041AA4DD1E8D46B800050CC7 /* Helpers.swift */; };
		041AA4E11E8D4A9100050CC7 /* MainCell.swift in Sources */ = {isa = PBXBuildFile; fileRef = 041AA4DF1E8D4A9100050CC7 /* MainCell.swift */; };
		041AA4E21E8D4A9100050CC7 /* MainCell.xib in Resources */ = {isa = PBXBuildFile; fileRef = 041AA4E01E8D4A9100050CC7 /* MainCell.xib */; };
/* End PBXBuildFile section */

/* Begin PBXFileReference section */
		041AA4A71E8D417700050CC7 /* SliddingIssue.app */ = {isa = PBXFileReference; explicitFileType = wrapper.application; includeInIndex = 0; path = SliddingIssue.app; sourceTree = BUILT_PRODUCTS_DIR; };
		041AA4AA1E8D417700050CC7 /* AppDelegate.swift */ = {isa = PBXFileReference; lastKnownFileType = sourcecode.swift; path = AppDelegate.swift; sourceTree = "<group>"; };
		041AA4AC1E8D417700050CC7 /* ProfileVC.swift */ = {isa = PBXFileReference; lastKnownFileType = sourcecode.swift; path = ProfileVC.swift; sourceTree = "<group>"; };
		041AA4AF1E8D417700050CC7 /* Base */ = {isa = PBXFileReference; lastKnownFileType = file.storyboard; name = Base; path = Base.lproj/Main.storyboard; sourceTree = "<group>"; };
		041AA4B21E8D417700050CC7 /* SliddingIssue.xcdatamodel */ = {isa = PBXFileReference; lastKnownFileType = wrapper.xcdatamodel; path = SliddingIssue.xcdatamodel; sourceTree = "<group>"; };
		041AA4B41E8D417700050CC7 /* Assets.xcassets */ = {isa = PBXFileReference; lastKnownFileType = folder.assetcatalog; path = Assets.xcassets; sourceTree = "<group>"; };
		041AA4B71E8D417700050CC7 /* Base */ = {isa = PBXFileReference; lastKnownFileType = file.storyboard; name = Base; path = Base.lproj/LaunchScreen.storyboard; sourceTree = "<group>"; };
		041AA4B91E8D417700050CC7 /* Info.plist */ = {isa = PBXFileReference; lastKnownFileType = text.plist.xml; path = Info.plist; sourceTree = "<group>"; };
		041AA4C01E8D432100050CC7 /* ProfileExtenstion.swift */ = {isa = PBXFileReference; fileEncoding = 4; lastKnownFileType = sourcecode.swift; path = ProfileExtenstion.swift; sourceTree = "<group>"; };
		041AA4C31E8D441B00050CC7 /* OnTopHeaderView.swift */ = {isa = PBXFileReference; fileEncoding = 4; lastKnownFileType = sourcecode.swift; path = OnTopHeaderView.swift; sourceTree = "<group>"; };
		041AA4C41E8D441B00050CC7 /* OnTopHeaderView.xib */ = {isa = PBXFileReference; fileEncoding = 4; lastKnownFileType = file.xib; path = OnTopHeaderView.xib; sourceTree = "<group>"; };
		041AA4C71E8D44B800050CC7 /* ProfileDetailsCell.swift */ = {isa = PBXFileReference; fileEncoding = 4; lastKnownFileType = sourcecode.swift; path = ProfileDetailsCell.swift; sourceTree = "<group>"; };
		041AA4C81E8D44B800050CC7 /* ProfileDetailsCell.xib */ = {isa = PBXFileReference; fileEncoding = 4; lastKnownFileType = file.xib; path = ProfileDetailsCell.xib; sourceTree = "<group>"; };
		041AA4CB1E8D44F200050CC7 /* ContactCell.swift */ = {isa = PBXFileReference; fileEncoding = 4; lastKnownFileType = sourcecode.swift; path = ContactCell.swift; sourceTree = "<group>"; };
		041AA4CC1E8D44F200050CC7 /* ContactCell.xib */ = {isa = PBXFileReference; fileEncoding = 4; lastKnownFileType = file.xib; path = ContactCell.xib; sourceTree = "<group>"; };
		041AA4CF1E8D456800050CC7 /* ListingMenuCell.swift */ = {isa = PBXFileReference; fileEncoding = 4; lastKnownFileType = sourcecode.swift; path = ListingMenuCell.swift; sourceTree = "<group>"; };
		041AA4D01E8D456800050CC7 /* ListingMenuCell.xib */ = {isa = PBXFileReference; fileEncoding = 4; lastKnownFileType = file.xib; path = ListingMenuCell.xib; sourceTree = "<group>"; };
		041AA4D31E8D459200050CC7 /* ProfileMenuCell.swift */ = {isa = PBXFileReference; fileEncoding = 4; lastKnownFileType = sourcecode.swift; path = ProfileMenuCell.swift; sourceTree = "<group>"; };
		041AA4D41E8D459200050CC7 /* ProfileMenuCell.xib */ = {isa = PBXFileReference; fileEncoding = 4; lastKnownFileType = file.xib; path = ProfileMenuCell.xib; sourceTree = "<group>"; };
		041AA4D71E8D45E400050CC7 /* ProfileItemsCell.swift */ = {isa = PBXFileReference; fileEncoding = 4; lastKnownFileType = sourcecode.swift; path = ProfileItemsCell.swift; sourceTree = "<group>"; };
		041AA4D81E8D45E400050CC7 /* ProfileItemsCell.xib */ = {isa = PBXFileReference; fileEncoding = 4; lastKnownFileType = file.xib; path = ProfileItemsCell.xib; sourceTree = "<group>"; };
		041AA4DB1E8D464100050CC7 /* BaseCell.swift */ = {isa = PBXFileReference; fileEncoding = 4; lastKnownFileType = sourcecode.swift; path = BaseCell.swift; sourceTree = "<group>"; };
		041AA4DD1E8D46B800050CC7 /* Helpers.swift */ = {isa = PBXFileReference; fileEncoding = 4; lastKnownFileType = sourcecode.swift; path = Helpers.swift; sourceTree = "<group>"; };
		041AA4DF1E8D4A9100050CC7 /* MainCell.swift */ = {isa = PBXFileReference; fileEncoding = 4; lastKnownFileType = sourcecode.swift; path = MainCell.swift; sourceTree = "<group>"; };
		041AA4E01E8D4A9100050CC7 /* MainCell.xib */ = {isa = PBXFileReference; fileEncoding = 4; lastKnownFileType = file.xib; path = MainCell.xib; sourceTree = "<group>"; };
/* End PBXFileReference section */

/* Begin PBXFrameworksBuildPhase section */
		041AA4A41E8D417700050CC7 /* Frameworks */ = {
			isa = PBXFrameworksBuildPhase;
			buildActionMask = 2147483647;
			files = (
			);
			runOnlyForDeploymentPostprocessing = 0;
		};
/* End PBXFrameworksBuildPhase section */

/* Begin PBXGroup section */
		041AA49E1E8D417700050CC7 = {
			isa = PBXGroup;
			children = (
				041AA4A91E8D417700050CC7 /* SliddingIssue */,
				041AA4A81E8D417700050CC7 /* Products */,
			);
			sourceTree = "<group>";
		};
		041AA4A81E8D417700050CC7 /* Products */ = {
			isa = PBXGroup;
			children = (
				041AA4A71E8D417700050CC7 /* SliddingIssue.app */,
			);
			name = Products;
			sourceTree = "<group>";
		};
		041AA4A91E8D417700050CC7 /* SliddingIssue */ = {
			isa = PBXGroup;
			children = (
				041AA4C21E8D43C600050CC7 /* View */,
				041AA4BF1E8D430300050CC7 /* Extension */,
				041AA4AA1E8D417700050CC7 /* AppDelegate.swift */,
				041AA4AC1E8D417700050CC7 /* ProfileVC.swift */,
				041AA4AE1E8D417700050CC7 /* Main.storyboard */,
				041AA4B41E8D417700050CC7 /* Assets.xcassets */,
				041AA4B61E8D417700050CC7 /* LaunchScreen.storyboard */,
				041AA4B91E8D417700050CC7 /* Info.plist */,
				041AA4B11E8D417700050CC7 /* SliddingIssue.xcdatamodeld */,
			);
			path = SliddingIssue;
			sourceTree = "<group>";
		};
		041AA4BF1E8D430300050CC7 /* Extension */ = {
			isa = PBXGroup;
			children = (
				041AA4C01E8D432100050CC7 /* ProfileExtenstion.swift */,
				041AA4DB1E8D464100050CC7 /* BaseCell.swift */,
				041AA4DD1E8D46B800050CC7 /* Helpers.swift */,
			);
			name = Extension;
			sourceTree = "<group>";
		};
		041AA4C21E8D43C600050CC7 /* View */ = {
			isa = PBXGroup;
			children = (
				041AA4C31E8D441B00050CC7 /* OnTopHeaderView.swift */,
				041AA4C41E8D441B00050CC7 /* OnTopHeaderView.xib */,
				041AA4C71E8D44B800050CC7 /* ProfileDetailsCell.swift */,
				041AA4C81E8D44B800050CC7 /* ProfileDetailsCell.xib */,
				041AA4CB1E8D44F200050CC7 /* ContactCell.swift */,
				041AA4CC1E8D44F200050CC7 /* ContactCell.xib */,
				041AA4CF1E8D456800050CC7 /* ListingMenuCell.swift */,
				041AA4D01E8D456800050CC7 /* ListingMenuCell.xib */,
				041AA4D31E8D459200050CC7 /* ProfileMenuCell.swift */,
				041AA4D41E8D459200050CC7 /* ProfileMenuCell.xib */,
				041AA4D71E8D45E400050CC7 /* ProfileItemsCell.swift */,
				041AA4D81E8D45E400050CC7 /* ProfileItemsCell.xib */,
				041AA4DF1E8D4A9100050CC7 /* MainCell.swift */,
				041AA4E01E8D4A9100050CC7 /* MainCell.xib */,
			);
			name = View;
			sourceTree = "<group>";
		};
/* End PBXGroup section */

/* Begin PBXNativeTarget section */
		041AA4A61E8D417700050CC7 /* SliddingIssue */ = {
			isa = PBXNativeTarget;
			buildConfigurationList = 041AA4BC1E8D417700050CC7 /* Build configuration list for PBXNativeTarget "SliddingIssue" */;
			buildPhases = (
				041AA4A31E8D417700050CC7 /* Sources */,
				041AA4A41E8D417700050CC7 /* Frameworks */,
				041AA4A51E8D417700050CC7 /* Resources */,
			);
			buildRules = (
			);
			dependencies = (
			);
			name = SliddingIssue;
			productName = SliddingIssue;
			productReference = 041AA4A71E8D417700050CC7 /* SliddingIssue.app */;
			productType = "com.apple.product-type.application";
		};
/* End PBXNativeTarget section */

/* Begin PBXProject section */
		041AA49F1E8D417700050CC7 /* Project object */ = {
			isa = PBXProject;
			attributes = {
				LastSwiftUpdateCheck = 0820;
				LastUpgradeCheck = 0820;
				ORGANIZATIONNAME = "Purple Pear";
				TargetAttributes = {
					041AA4A61E8D417700050CC7 = {
						CreatedOnToolsVersion = 8.2.1;
						DevelopmentTeam = YZNECABSH7;
						ProvisioningStyle = Automatic;
					};
				};
			};
			buildConfigurationList = 041AA4A21E8D417700050CC7 /* Build configuration list for PBXProject "SliddingIssue" */;
			compatibilityVersion = "Xcode 3.2";
			developmentRegion = English;
			hasScannedForEncodings = 0;
			knownRegions = (
				en,
				Base,
			);
			mainGroup = 041AA49E1E8D417700050CC7;
			productRefGroup = 041AA4A81E8D417700050CC7 /* Products */;
			projectDirPath = "";
			projectRoot = "";
			targets = (
				041AA4A61E8D417700050CC7 /* SliddingIssue */,
			);
		};
/* End PBXProject section */

/* Begin PBXResourcesBuildPhase section */
		041AA4A51E8D417700050CC7 /* Resources */ = {
			isa = PBXResourcesBuildPhase;
			buildActionMask = 2147483647;
			files = (
				041AA4CE1E8D44F200050CC7 /* ContactCell.xib in Resources */,
				041AA4C61E8D441B00050CC7 /* OnTopHeaderView.xib in Resources */,
				041AA4D61E8D459200050CC7 /* ProfileMenuCell.xib in Resources */,
				041AA4CA1E8D44B800050CC7 /* ProfileDetailsCell.xib in Resources */,
				041AA4E21E8D4A9100050CC7 /* MainCell.xib in Resources */,
				041AA4B81E8D417700050CC7 /* LaunchScreen.storyboard in Resources */,
				041AA4B51E8D417700050CC7 /* Assets.xcassets in Resources */,
				041AA4D21E8D456800050CC7 /* ListingMenuCell.xib in Resources */,
				041AA4DA1E8D45E400050CC7 /* ProfileItemsCell.xib in Resources */,
				041AA4B01E8D417700050CC7 /* Main.storyboard in Resources */,
			);
			runOnlyForDeploymentPostprocessing = 0;
		};
/* End PBXResourcesBuildPhase section */

/* Begin PBXSourcesBuildPhase section */
		041AA4A31E8D417700050CC7 /* Sources */ = {
			isa = PBXSourcesBuildPhase;
			buildActionMask = 2147483647;
			files = (
				041AA4C11E8D432100050CC7 /* ProfileExtenstion.swift in Sources */,
				041AA4D51E8D459200050CC7 /* ProfileMenuCell.swift in Sources */,
				041AA4AD1E8D417700050CC7 /* ProfileVC.swift in Sources */,
				041AA4C91E8D44B800050CC7 /* ProfileDetailsCell.swift in Sources */,
				041AA4AB1E8D417700050CC7 /* AppDelegate.swift in Sources */,
				041AA4E11E8D4A9100050CC7 /* MainCell.swift in Sources */,
				041AA4B31E8D417700050CC7 /* SliddingIssue.xcdatamodeld in Sources */,
				041AA4CD1E8D44F200050CC7 /* ContactCell.swift in Sources */,
				041AA4DE1E8D46B800050CC7 /* Helpers.swift in Sources */,
				041AA4DC1E8D464100050CC7 /* BaseCell.swift in Sources */,
				041AA4C51E8D441B00050CC7 /* OnTopHeaderView.swift in Sources */,
				041AA4D91E8D45E400050CC7 /* ProfileItemsCell.swift in Sources */,
				041AA4D11E8D456800050CC7 /* ListingMenuCell.swift in Sources */,
			);
			runOnlyForDeploymentPostprocessing = 0;
		};
/* End PBXSourcesBuildPhase section */

/* Begin PBXVariantGroup section */
		041AA4AE1E8D417700050CC7 /* Main.storyboard */ = {
			isa = PBXVariantGroup;
			children = (
				041AA4AF1E8D417700050CC7 /* Base */,
			);
			name = Main.storyboard;
			sourceTree = "<group>";
		};
		041AA4B61E8D417700050CC7 /* LaunchScreen.storyboard */ = {
			isa = PBXVariantGroup;
			children = (
				041AA4B71E8D417700050CC7 /* Base */,
			);
			name = LaunchScreen.storyboard;
			sourceTree = "<group>";
		};
/* End PBXVariantGroup section */

/* Begin XCBuildConfiguration section */
		041AA4BA1E8D417700050CC7 /* Debug */ = {
			isa = XCBuildConfiguration;
			buildSettings = {
				ALWAYS_SEARCH_USER_PATHS = NO;
				CLANG_ANALYZER_NONNULL = YES;
				CLANG_CXX_LANGUAGE_STANDARD = "gnu++0x";
				CLANG_CXX_LIBRARY = "libc++";
				CLANG_ENABLE_MODULES = YES;
				CLANG_ENABLE_OBJC_ARC = YES;
				CLANG_WARN_BOOL_CONVERSION = YES;
				CLANG_WARN_CONSTANT_CONVERSION = YES;
				CLANG_WARN_DIRECT_OBJC_ISA_USAGE = YES_ERROR;
				CLANG_WARN_DOCUMENTATION_COMMENTS = YES;
				CLANG_WARN_EMPTY_BODY = YES;
				CLANG_WARN_ENUM_CONVERSION = YES;
				CLANG_WARN_INFINITE_RECURSION = YES;
				CLANG_WARN_INT_CONVERSION = YES;
				CLANG_WARN_OBJC_ROOT_CLASS = YES_ERROR;
				CLANG_WARN_SUSPICIOUS_MOVE = YES;
				CLANG_WARN_UNREACHABLE_CODE = YES;
				CLANG_WARN__DUPLICATE_METHOD_MATCH = YES;
				"CODE_SIGN_IDENTITY[sdk=iphoneos*]" = "iPhone Developer";
				COPY_PHASE_STRIP = NO;
				DEBUG_INFORMATION_FORMAT = dwarf;
				ENABLE_STRICT_OBJC_MSGSEND = YES;
				ENABLE_TESTABILITY = YES;
				GCC_C_LANGUAGE_STANDARD = gnu99;
				GCC_DYNAMIC_NO_PIC = NO;
				GCC_NO_COMMON_BLOCKS = YES;
				GCC_OPTIMIZATION_LEVEL = 0;
				GCC_PREPROCESSOR_DEFINITIONS = (
					"DEBUG=1",
					"$(inherited)",
				);
				GCC_WARN_64_TO_32_BIT_CONVERSION = YES;
				GCC_WARN_ABOUT_RETURN_TYPE = YES_ERROR;
				GCC_WARN_UNDECLARED_SELECTOR = YES;
				GCC_WARN_UNINITIALIZED_AUTOS = YES_AGGRESSIVE;
				GCC_WARN_UNUSED_FUNCTION = YES;
				GCC_WARN_UNUSED_VARIABLE = YES;
				IPHONEOS_DEPLOYMENT_TARGET = 10.2;
				MTL_ENABLE_DEBUG_INFO = YES;
				ONLY_ACTIVE_ARCH = YES;
				SDKROOT = iphoneos;
				SWIFT_ACTIVE_COMPILATION_CONDITIONS = DEBUG;
				SWIFT_OPTIMIZATION_LEVEL = "-Onone";
				TARGETED_DEVICE_FAMILY = "1,2";
			};
			name = Debug;
		};
		041AA4BB1E8D417700050CC7 /* Release */ = {
			isa = XCBuildConfiguration;
			buildSettings = {
				ALWAYS_SEARCH_USER_PATHS = NO;
				CLANG_ANALYZER_NONNULL = YES;
				CLANG_CXX_LANGUAGE_STANDARD = "gnu++0x";
				CLANG_CXX_LIBRARY = "libc++";
				CLANG_ENABLE_MODULES = YES;
				CLANG_ENABLE_OBJC_ARC = YES;
				CLANG_WARN_BOOL_CONVERSION = YES;
				CLANG_WARN_CONSTANT_CONVERSION = YES;
				CLANG_WARN_DIRECT_OBJC_ISA_USAGE = YES_ERROR;
				CLANG_WARN_DOCUMENTATION_COMMENTS = YES;
				CLANG_WARN_EMPTY_BODY = YES;
				CLANG_WARN_ENUM_CONVERSION = YES;
				CLANG_WARN_INFINITE_RECURSION = YES;
				CLANG_WARN_INT_CONVERSION = YES;
				CLANG_WARN_OBJC_ROOT_CLASS = YES_ERROR;
				CLANG_WARN_SUSPICIOUS_MOVE = YES;
				CLANG_WARN_UNREACHABLE_CODE = YES;
				CLANG_WARN__DUPLICATE_METHOD_MATCH = YES;
				"CODE_SIGN_IDENTITY[sdk=iphoneos*]" = "iPhone Developer";
				COPY_PHASE_STRIP = NO;
				DEBUG_INFORMATION_FORMAT = "dwarf-with-dsym";
				ENABLE_NS_ASSERTIONS = NO;
				ENABLE_STRICT_OBJC_MSGSEND = YES;
				GCC_C_LANGUAGE_STANDARD = gnu99;
				GCC_NO_COMMON_BLOCKS = YES;
				GCC_WARN_64_TO_32_BIT_CONVERSION = YES;
				GCC_WARN_ABOUT_RETURN_TYPE = YES_ERROR;
				GCC_WARN_UNDECLARED_SELECTOR = YES;
				GCC_WARN_UNINITIALIZED_AUTOS = YES_AGGRESSIVE;
				GCC_WARN_UNUSED_FUNCTION = YES;
				GCC_WARN_UNUSED_VARIABLE = YES;
				IPHONEOS_DEPLOYMENT_TARGET = 10.2;
				MTL_ENABLE_DEBUG_INFO = NO;
				SDKROOT = iphoneos;
				SWIFT_OPTIMIZATION_LEVEL = "-Owholemodule";
				TARGETED_DEVICE_FAMILY = "1,2";
				VALIDATE_PRODUCT = YES;
			};
			name = Release;
		};
		041AA4BD1E8D417700050CC7 /* Debug */ = {
			isa = XCBuildConfiguration;
			buildSettings = {
				ASSETCATALOG_COMPILER_APPICON_NAME = AppIcon;
				DEVELOPMENT_TEAM = YZNECABSH7;
				INFOPLIST_FILE = SliddingIssue/Info.plist;
				LD_RUNPATH_SEARCH_PATHS = "$(inherited) @executable_path/Frameworks";
				PRODUCT_BUNDLE_IDENTIFIER = "com.Purple-Pear.SliddingIssue";
				PRODUCT_NAME = "$(TARGET_NAME)";
				SWIFT_VERSION = 3.0;
			};
			name = Debug;
		};
		041AA4BE1E8D417700050CC7 /* Release */ = {
			isa = XCBuildConfiguration;
			buildSettings = {
				ASSETCATALOG_COMPILER_APPICON_NAME = AppIcon;
				DEVELOPMENT_TEAM = YZNECABSH7;
				INFOPLIST_FILE = SliddingIssue/Info.plist;
				LD_RUNPATH_SEARCH_PATHS = "$(inherited) @executable_path/Frameworks";
				PRODUCT_BUNDLE_IDENTIFIER = "com.Purple-Pear.SliddingIssue";
				PRODUCT_NAME = "$(TARGET_NAME)";
				SWIFT_VERSION = 3.0;
			};
			name = Release;
		};
/* End XCBuildConfiguration section */

/* Begin XCConfigurationList section */
		041AA4A21E8D417700050CC7 /* Build configuration list for PBXProject "SliddingIssue" */ = {
			isa = XCConfigurationList;
			buildConfigurations = (
				041AA4BA1E8D417700050CC7 /* Debug */,
				041AA4BB1E8D417700050CC7 /* Release */,
			);
			defaultConfigurationIsVisible = 0;
			defaultConfigurationName = Release;
		};
		041AA4BC1E8D417700050CC7 /* Build configuration list for PBXNativeTarget "SliddingIssue" */ = {
			isa = XCConfigurationList;
			buildConfigurations = (
				041AA4BD1E8D417700050CC7 /* Debug */,
				041AA4BE1E8D417700050CC7 /* Release */,
			);
			defaultConfigurationIsVisible = 0;
			defaultConfigurationName = Release;
		};
/* End XCConfigurationList section */

/* Begin XCVersionGroup section */
		041AA4B11E8D417700050CC7 /* SliddingIssue.xcdatamodeld */ = {
			isa = XCVersionGroup;
			children = (
				041AA4B21E8D417700050CC7 /* SliddingIssue.xcdatamodel */,
			);
			currentVersion = 041AA4B21E8D417700050CC7 /* SliddingIssue.xcdatamodel */;
			path = SliddingIssue.xcdatamodeld;
			sourceTree = "<group>";
			versionGroupType = wrapper.xcdatamodel;
		};
/* End XCVersionGroup section */
	};
	rootObject = 041AA49F1E8D417700050CC7 /* Project object */;
}
